
Microsoft Visual Studio Solution File, Format Version 12.00
# Visual Studio 14
VisualStudioVersion = 14.0.25420.1
MinimumVisualStudioVersion = 10.0.40219.1
Project("{2150E333-8FDC-42A3-9474-1A3956D46DE8}") = "src", "src", "{F41C79A1-1B6F-47E0-8FCA-E817B0E17B19}"
EndProject
Project("{2150E333-8FDC-42A3-9474-1A3956D46DE8}") = "Solution Items", "Solution Items", "{323F77F2-C40F-4581-BD0B-57B4D38F2A40}"
	ProjectSection(SolutionItems) = preProject
		global.json = global.json
	EndProjectSection
EndProject
Project("{8BB2217D-0F2D-49D1-97BC-3654ED321F3B}") = "GetMovieData", "src\GetMovieData\GetMovieData.xproj", "{C9070138-22D5-478E-B76C-F2770A83FFE7}"
EndProject
Global
	GlobalSection(SolutionConfigurationPlatforms) = preSolution
		Debug|Any CPU = Debug|Any CPU
		Release|Any CPU = Release|Any CPU
	EndGlobalSection
	GlobalSection(ProjectConfigurationPlatforms) = postSolution
		{C9070138-22D5-478E-B76C-F2770A83FFE7}.Debug|Any CPU.ActiveCfg = Debug|Any CPU
		{C9070138-22D5-478E-B76C-F2770A83FFE7}.Debug|Any CPU.Build.0 = Debug|Any CPU
		{C9070138-22D5-478E-B76C-F2770A83FFE7}.Release|Any CPU.ActiveCfg = Release|Any CPU
		{C9070138-22D5-478E-B76C-F2770A83FFE7}.Release|Any CPU.Build.0 = Release|Any CPU
	EndGlobalSection
	GlobalSection(SolutionProperties) = preSolution
		HideSolutionNode = FALSE
	EndGlobalSection
	GlobalSection(NestedProjects) = preSolution
		{C9070138-22D5-478E-B76C-F2770A83FFE7} = {F41C79A1-1B6F-47E0-8FCA-E817B0E17B19}
	EndGlobalSection
EndGlobal
